github.com/jiniya22/goplayground/ch20/fedex v0.0.0-20240114082621-0a685760f1d2 h1:dM+rjHVg8L0DlCRuuB3dtc9OtIp3+HTvv7u4820e0Bc=
github.com/jiniya22/goplayground/ch20/fedex v0.0.0-20240114082621-0a685760f1d2/go.mod h1:/5R445/knx5t6cifJnf4yR698DPFYJNop3PCeml3JFQ=
github.com/jiniya22/goplayground/ch20/koreapost v0.0.0-20240114085155-cf596dc6bc9d h1:yM+COMuJV+G1ZUHQ5OOUAHJtRC5HC2zm62iVDd4txrU=
github.com/jiniya22/goplayground/ch20/koreapost v0.0.0-20240114085155-cf596dc6bc9d/go.mod h1:6oHNZmyJbxo+BPsik8F2n31TPU6nZMLZr2kzRxZkvzM=
